
Microsoft Visual Studio Solution File, Format Version 12.00
# Visual Studio Version 17
VisualStudioVersion = 17.9.34701.34
MinimumVisualStudioVersion = 10.0.40219.1
Project("{FAE04EC0-301F-11D3-BF4B-00C04F79EFBC}") = "Laba9", "Laba9\Laba9.csproj", "{B52C3953-5DCA-4584-9461-935BE93E4A4E}"
EndProject
Global
	GlobalSection(SolutionConfigurationPlatforms) = preSolution
		Debug|Any CPU = Debug|Any CPU
		Release|Any CPU = Release|Any CPU
	EndGlobalSection
	GlobalSection(ProjectConfigurationPlatforms) = postSolution
		{B52C3953-5DCA-4584-9461-935BE93E4A4E}.Debug|Any CPU.ActiveCfg = Debug|Any CPU
		{B52C3953-5DCA-4584-9461-935BE93E4A4E}.Debug|Any CPU.Build.0 = Debug|Any CPU
		{B52C3953-5DCA-4584-9461-935BE93E4A4E}.Release|Any CPU.ActiveCfg = Release|Any CPU
		{B52C3953-5DCA-4584-9461-935BE93E4A4E}.Release|Any CPU.Build.0 = Release|Any CPU
	EndGlobalSection
	GlobalSection(SolutionProperties) = preSolution
		HideSolutionNode = FALSE
	EndGlobalSection
	GlobalSection(ExtensibilityGlobals) = postSolution
		SolutionGuid = {AD5C19F8-D8EB-4075-9CE9-C8AAF58D8FA8}
	EndGlobalSection
EndGlobal
