
Microsoft Visual Studio Solution File, Format Version 12.00
Project("{FAE04EC0-301F-11D3-BF4B-00C04F79EFBC}") = "09-decorator-keroNight", "09-decorator-keroNight.csproj", "{365C1778-05C2-4EAC-B3C0-FC9BD7313FEC}"
EndProject
Global
	GlobalSection(SolutionConfigurationPlatforms) = preSolution
		Debug|Any CPU = Debug|Any CPU
		Release|Any CPU = Release|Any CPU
	EndGlobalSection
	GlobalSection(ProjectConfigurationPlatforms) = postSolution
		{365C1778-05C2-4EAC-B3C0-FC9BD7313FEC}.Debug|Any CPU.ActiveCfg = Debug|Any CPU
		{365C1778-05C2-4EAC-B3C0-FC9BD7313FEC}.Debug|Any CPU.Build.0 = Debug|Any CPU
		{365C1778-05C2-4EAC-B3C0-FC9BD7313FEC}.Release|Any CPU.ActiveCfg = Release|Any CPU
		{365C1778-05C2-4EAC-B3C0-FC9BD7313FEC}.Release|Any CPU.Build.0 = Release|Any CPU
	EndGlobalSection
EndGlobal
